
Microsoft Visual Studio Solution File, Format Version 12.00
# Visual Studio Version 17
VisualStudioVersion = 17.5.33516.290
MinimumVisualStudioVersion = 10.0.40219.1
Project("{9A19103F-16F7-4668-BE54-9A1E7A4F7556}") = "Torc.Assesment", "Torc.Assesment\Torc.Assesment.csproj", "{FCF9229C-6EC1-432A-8B2E-E2C4F23CF569}"
EndProject
Project("{9A19103F-16F7-4668-BE54-9A1E7A4F7556}") = "Torc.Assesment.Entities", "Torc.Assesment.Entities\Torc.Assesment.Entities.csproj", "{61C63106-FA12-4B88-B0EA-2A2CD587C758}"
EndProject
Project("{FAE04EC0-301F-11D3-BF4B-00C04F79EFBC}") = "Torc.Assesment.Dal", "Torc.Assesment.Dal\Torc.Assesment.Dal.csproj", "{93259E42-4D4B-40EE-98C2-536C42FCABD5}"
EndProject
Project("{FAE04EC0-301F-11D3-BF4B-00C04F79EFBC}") = "Torc.Assesment.Api", "Torc.Assesment.Api\Torc.Assesment.Api.csproj", "{B3A5D3CD-15C5-4B97-A0E0-ADDF61763F48}"
EndProject
Global
	GlobalSection(SolutionConfigurationPlatforms) = preSolution
		Debug|Any CPU = Debug|Any CPU
		Release|Any CPU = Release|Any CPU
	EndGlobalSection
	GlobalSection(ProjectConfigurationPlatforms) = postSolution
		{FCF9229C-6EC1-432A-8B2E-E2C4F23CF569}.Debug|Any CPU.ActiveCfg = Debug|Any CPU
		{FCF9229C-6EC1-432A-8B2E-E2C4F23CF569}.Debug|Any CPU.Build.0 = Debug|Any CPU
		{FCF9229C-6EC1-432A-8B2E-E2C4F23CF569}.Release|Any CPU.ActiveCfg = Release|Any CPU
		{FCF9229C-6EC1-432A-8B2E-E2C4F23CF569}.Release|Any CPU.Build.0 = Release|Any CPU
		{61C63106-FA12-4B88-B0EA-2A2CD587C758}.Debug|Any CPU.ActiveCfg = Debug|Any CPU
		{61C63106-FA12-4B88-B0EA-2A2CD587C758}.Debug|Any CPU.Build.0 = Debug|Any CPU
		{61C63106-FA12-4B88-B0EA-2A2CD587C758}.Release|Any CPU.ActiveCfg = Release|Any CPU
		{61C63106-FA12-4B88-B0EA-2A2CD587C758}.Release|Any CPU.Build.0 = Release|Any CPU
		{93259E42-4D4B-40EE-98C2-536C42FCABD5}.Debug|Any CPU.ActiveCfg = Debug|Any CPU
		{93259E42-4D4B-40EE-98C2-536C42FCABD5}.Debug|Any CPU.Build.0 = Debug|Any CPU
		{93259E42-4D4B-40EE-98C2-536C42FCABD5}.Release|Any CPU.ActiveCfg = Release|Any CPU
		{93259E42-4D4B-40EE-98C2-536C42FCABD5}.Release|Any CPU.Build.0 = Release|Any CPU
		{B3A5D3CD-15C5-4B97-A0E0-ADDF61763F48}.Debug|Any CPU.ActiveCfg = Debug|Any CPU
		{B3A5D3CD-15C5-4B97-A0E0-ADDF61763F48}.Debug|Any CPU.Build.0 = Debug|Any CPU
		{B3A5D3CD-15C5-4B97-A0E0-ADDF61763F48}.Release|Any CPU.ActiveCfg = Release|Any CPU
		{B3A5D3CD-15C5-4B97-A0E0-ADDF61763F48}.Release|Any CPU.Build.0 = Release|Any CPU
	EndGlobalSection
	GlobalSection(SolutionProperties) = preSolution
		HideSolutionNode = FALSE
	EndGlobalSection
	GlobalSection(ExtensibilityGlobals) = postSolution
		SolutionGuid = {50B7021D-8F1C-44DB-A7F6-CA0F220F7284}
	EndGlobalSection
EndGlobal
